
Microsoft Visual Studio Solution File, Format Version 12.00
# Visual Studio Version 17
VisualStudioVersion = 17.0.32014.148
MinimumVisualStudioVersion = 10.0.40219.1
Project("{9A19103F-16F7-4668-BE54-9A1E7A4F7556}") = "MongoDbCRUD", "MongoDbCRUD.csproj", "{3AE7F415-64BA-41C8-9C4D-01F8DCF047E2}"
EndProject
Project("{FAE04EC0-301F-11D3-BF4B-00C04F79EFBC}") = "Tests", "..\Tests\Tests.csproj", "{7087C9A1-4D8D-4456-8FA9-C43D22B1CDC4}"
EndProject
Global
	GlobalSection(SolutionConfigurationPlatforms) = preSolution
		Debug|Any CPU = Debug|Any CPU
		Release|Any CPU = Release|Any CPU
	EndGlobalSection
	GlobalSection(ProjectConfigurationPlatforms) = postSolution
		{3AE7F415-64BA-41C8-9C4D-01F8DCF047E2}.Debug|Any CPU.ActiveCfg = Debug|Any CPU
		{3AE7F415-64BA-41C8-9C4D-01F8DCF047E2}.Debug|Any CPU.Build.0 = Debug|Any CPU
		{3AE7F415-64BA-41C8-9C4D-01F8DCF047E2}.Release|Any CPU.ActiveCfg = Release|Any CPU
		{3AE7F415-64BA-41C8-9C4D-01F8DCF047E2}.Release|Any CPU.Build.0 = Release|Any CPU
		{7087C9A1-4D8D-4456-8FA9-C43D22B1CDC4}.Debug|Any CPU.ActiveCfg = Debug|Any CPU
		{7087C9A1-4D8D-4456-8FA9-C43D22B1CDC4}.Debug|Any CPU.Build.0 = Debug|Any CPU
		{7087C9A1-4D8D-4456-8FA9-C43D22B1CDC4}.Release|Any CPU.ActiveCfg = Release|Any CPU
		{7087C9A1-4D8D-4456-8FA9-C43D22B1CDC4}.Release|Any CPU.Build.0 = Release|Any CPU
	EndGlobalSection
	GlobalSection(SolutionProperties) = preSolution
		HideSolutionNode = FALSE
	EndGlobalSection
	GlobalSection(ExtensibilityGlobals) = postSolution
		SolutionGuid = {BE582F0E-A1E4-480B-8192-3239B554F5CF}
	EndGlobalSection
EndGlobal
